// !$*UTF8*$!
{
	archiveVersion = 1;
	classes = {
	};
	objectVersion = 55;
	objects = {

/* Begin PBXBuildFile section */
		5F2FB46427B75F54005523F2 /* GTStatic.m in Sources */ = {isa = PBXBuildFile; fileRef = 5F2FB46327B75F54005523F2 /* GTStatic.m */; };
		5F2FB46527B75F54005523F2 /* GTStatic.h in CopyFiles */ = {isa = PBXBuildFile; fileRef = 5F2FB46227B75F54005523F2 /* GTStatic.h */; };
		5F2FB46D27B767AC005523F2 /* GTStaticTest.m in Sources */ = {isa = PBXBuildFile; fileRef = 5F2FB46C27B767AC005523F2 /* GTStaticTest.m */; };
		5F2FB46E27B767B6005523F2 /* GTStaticTest.h in CopyFiles */ = {isa = PBXBuildFile; fileRef = 5F2FB46B27B767AC005523F2 /* GTStaticTest.h */; };
/* End PBXBuildFile section */

/* Begin PBXCopyFilesBuildPhase section */
		5F2FB45D27B75F54005523F2 /* CopyFiles */ = {
			isa = PBXCopyFilesBuildPhase;
			buildActionMask = 2147483647;
			dstPath = "include/$(PRODUCT_NAME)";
			dstSubfolderSpec = 16;
			files = (
				5F2FB46E27B767B6005523F2 /* GTStaticTest.h in CopyFiles */,
				5F2FB46527B75F54005523F2 /* GTStatic.h in CopyFiles */,
			);
			runOnlyForDeploymentPostprocessing = 0;
		};
/* End PBXCopyFilesBuildPhase section */

/* Begin PBXFileReference section */
		5F2FB45F27B75F54005523F2 /* libGTStatic.a */ = {isa = PBXFileReference; explicitFileType = archive.ar; includeInIndex = 0; path = libGTStatic.a; sourceTree = BUILT_PRODUCTS_DIR; };
		5F2FB46227B75F54005523F2 /* GTStatic.h */ = {isa = PBXFileReference; lastKnownFileType = sourcecode.c.h; path = GTStatic.h; sourceTree = "<group>"; };
		5F2FB46327B75F54005523F2 /* GTStatic.m */ = {isa = PBXFileReference; lastKnownFileType = sourcecode.c.objc; path = GTStatic.m; sourceTree = "<group>"; };
		5F2FB46B27B767AC005523F2 /* GTStaticTest.h */ = {isa = PBXFileReference; lastKnownFileType = sourcecode.c.h; path = GTStaticTest.h; sourceTree = "<group>"; };
		5F2FB46C27B767AC005523F2 /* GTStaticTest.m */ = {isa = PBXFileReference; lastKnownFileType = sourcecode.c.objc; path = GTStaticTest.m; sourceTree = "<group>"; };
/* End PBXFileReference section */

/* Begin PBXFrameworksBuildPhase section */
		5F2FB45C27B75F54005523F2 /* Frameworks */ = {
			isa = PBXFrameworksBuildPhase;
			buildActionMask = 2147483647;
			files = (
			);
			runOnlyForDeploymentPostprocessing = 0;
		};
/* End PBXFrameworksBuildPhase section */

/* Begin PBXGroup section */
		5F2FB45627B75F54005523F2 = {
			isa = PBXGroup;
			children = (
				5F2FB46127B75F54005523F2 /* GTStatic */,
				5F2FB46027B75F54005523F2 /* Products */,
			);
			sourceTree = "<group>";
		};
		5F2FB46027B75F54005523F2 /* Products */ = {
			isa = PBXGroup;
			children = (
				5F2FB45F27B75F54005523F2 /* libGTStatic.a */,
			);
			name = Products;
			sourceTree = "<group>";
		};
		5F2FB46127B75F54005523F2 /* GTStatic */ = {
			isa = PBXGroup;
			children = (
				5F2FB46227B75F54005523F2 /* GTStatic.h */,
				5F2FB46327B75F54005523F2 /* GTStatic.m */,
				5F2FB46B27B767AC005523F2 /* GTStaticTest.h */,
				5F2FB46C27B767AC005523F2 /* GTStaticTest.m */,
			);
			path = GTStatic;
			sourceTree = "<group>";
		};
/* End PBXGroup section */

/* Begin PBXNativeTarget section */
		5F2FB45E27B75F54005523F2 /* GTStatic */ = {
			isa = PBXNativeTarget;
			buildConfigurationList = 5F2FB46827B75F54005523F2 /* Build configuration list for PBXNativeTarget "GTStatic" */;
			buildPhases = (
				5F2FB45B27B75F54005523F2 /* Sources */,
				5F2FB45C27B75F54005523F2 /* Frameworks */,
				5F2FB45D27B75F54005523F2 /* CopyFiles */,
			);
			buildRules = (
			);
			dependencies = (
			);
			name = GTStatic;
			productName = GTStatic;
			productReference = 5F2FB45F27B75F54005523F2 /* libGTStatic.a */;
			productType = "com.apple.product-type.library.static";
		};
/* End PBXNativeTarget section */

/* Begin PBXProject section */
		5F2FB45727B75F54005523F2 /* Project object */ = {
			isa = PBXProject;
			attributes = {
				BuildIndependentTargetsInParallel = 1;
				LastUpgradeCheck = 1320;
				TargetAttributes = {
					5F2FB45E27B75F54005523F2 = {
						CreatedOnToolsVersion = 13.2.1;
					};
				};
			};
			buildConfigurationList = 5F2FB45A27B75F54005523F2 /* Build configuration list for PBXProject "GTStatic" */;
			compatibilityVersion = "Xcode 13.0";
			developmentRegion = en;
			hasScannedForEncodings = 0;
			knownRegions = (
				en,
				Base,
			);
			mainGroup = 5F2FB45627B75F54005523F2;
			productRefGroup = 5F2FB46027B75F54005523F2 /* Products */;
			projectDirPath = "";
			projectRoot = "";
			targets = (
				5F2FB45E27B75F54005523F2 /* GTStatic */,
			);
		};
/* End PBXProject section */

/* Begin PBXSourcesBuildPhase section */
		5F2FB45B27B75F54005523F2 /* Sources */ = {
			isa = PBXSourcesBuildPhase;
			buildActionMask = 2147483647;
			files = (
				5F2FB46D27B767AC005523F2 /* GTStaticTest.m in Sources */,
				5F2FB46427B75F54005523F2 /* GTStatic.m in Sources */,
			);
			runOnlyForDeploymentPostprocessing = 0;
		};
/* End PBXSourcesBuildPhase section */

/* Begin XCBuildConfiguration section */
		5F2FB46627B75F54005523F2 /* Debug */ = {
			isa = XCBuildConfiguration;
			buildSettings = {
				ALWAYS_SEARCH_USER_PATHS = NO;
				CLANG_ANALYZER_NONNULL = YES;
				CLANG_ANALYZER_NUMBER_OBJECT_CONVERSION = YES_AGGRESSIVE;
				CLANG_CXX_LANGUAGE_STANDARD = "gnu++17";
				CLANG_CXX_LIBRARY = "libc++";
				CLANG_ENABLE_MODULES = YES;
				CLANG_ENABLE_OBJC_ARC = YES;
				CLANG_ENABLE_OBJC_WEAK = YES;
				CLANG_WARN_BLOCK_CAPTURE_AUTORELEASING = YES;
				CLANG_WARN_BOOL_CONVERSION = YES;
				CLANG_WARN_COMMA = YES;
				CLANG_WARN_CONSTANT_CONVERSION = YES;
				CLANG_WARN_DEPRECATED_OBJC_IMPLEMENTATIONS = YES;
				CLANG_WARN_DIRECT_OBJC_ISA_USAGE = YES_ERROR;
				CLANG_WARN_DOCUMENTATION_COMMENTS = YES;
				CLANG_WARN_EMPTY_BODY = YES;
				CLANG_WARN_ENUM_CONVERSION = YES;
				CLANG_WARN_INFINITE_RECURSION = YES;
				CLANG_WARN_INT_CONVERSION = YES;
				CLANG_WARN_NON_LITERAL_NULL_CONVERSION = YES;
				CLANG_WARN_OBJC_IMPLICIT_RETAIN_SELF = YES;
				CLANG_WARN_OBJC_LITERAL_CONVERSION = YES;
				CLANG_WARN_OBJC_ROOT_CLASS = YES_ERROR;
				CLANG_WARN_QUOTED_INCLUDE_IN_FRAMEWORK_HEADER = YES;
				CLANG_WARN_RANGE_LOOP_ANALYSIS = YES;
				CLANG_WARN_STRICT_PROTOTYPES = YES;
				CLANG_WARN_SUSPICIOUS_MOVE = YES;
				CLANG_WARN_UNGUARDED_AVAILABILITY = YES_AGGRESSIVE;
				CLANG_WARN_UNREACHABLE_CODE = YES;
				CLANG_WARN__DUPLICATE_METHOD_MATCH = YES;
				COPY_PHASE_STRIP = NO;
				DEBUG_INFORMATION_FORMAT = dwarf;
				ENABLE_STRICT_OBJC_MSGSEND = YES;
				ENABLE_TESTABILITY = YES;
				GCC_C_LANGUAGE_STANDARD = gnu11;
				GCC_DYNAMIC_NO_PIC = NO;
				GCC_NO_COMMON_BLOCKS = YES;
				GCC_OPTIMIZATION_LEVEL = 0;
				GCC_PREPROCESSOR_DEFINITIONS = (
					"DEBUG=1",
					"$(inherited)",
				);
				GCC_WARN_64_TO_32_BIT_CONVERSION = YES;
				GCC_WARN_ABOUT_RETURN_TYPE = YES_ERROR;
				GCC_WARN_UNDECLARED_SELECTOR = YES;
				GCC_WARN_UNINITIALIZED_AUTOS = YES_AGGRESSIVE;
				GCC_WARN_UNUSED_FUNCTION = YES;
				GCC_WARN_UNUSED_VARIABLE = YES;
				IPHONEOS_DEPLOYMENT_TARGET = 15.2;
				MTL_ENABLE_DEBUG_INFO = INCLUDE_SOURCE;
				MTL_FAST_MATH = YES;
				ONLY_ACTIVE_ARCH = YES;
				SDKROOT = iphoneos;
			};
			name = Debug;
		};
		5F2FB46727B75F54005523F2 /* Release */ = {
			isa = XCBuildConfiguration;
			buildSettings = {
				ALWAYS_SEARCH_USER_PATHS = NO;
				CLANG_ANALYZER_NONNULL = YES;
				CLANG_ANALYZER_NUMBER_OBJECT_CONVERSION = YES_AGGRESSIVE;
				CLANG_CXX_LANGUAGE_STANDARD = "gnu++17";
				CLANG_CXX_LIBRARY = "libc++";
				CLANG_ENABLE_MODULES = YES;
				CLANG_ENABLE_OBJC_ARC = YES;
				CLANG_ENABLE_OBJC_WEAK = YES;
				CLANG_WARN_BLOCK_CAPTURE_AUTORELEASING = YES;
				CLANG_WARN_BOOL_CONVERSION = YES;
				CLANG_WARN_COMMA = YES;
				CLANG_WARN_CONSTANT_CONVERSION = YES;
				CLANG_WARN_DEPRECATED_OBJC_IMPLEMENTATIONS = YES;
				CLANG_WARN_DIRECT_OBJC_ISA_USAGE = YES_ERROR;
				CLANG_WARN_DOCUMENTATION_COMMENTS = YES;
				CLANG_WARN_EMPTY_BODY = YES;
				CLANG_WARN_ENUM_CONVERSION = YES;
				CLANG_WARN_INFINITE_RECURSION = YES;
				CLANG_WARN_INT_CONVERSION = YES;
				CLANG_WARN_NON_LITERAL_NULL_CONVERSION = YES;
				CLANG_WARN_OBJC_IMPLICIT_RETAIN_SELF = YES;
				CLANG_WARN_OBJC_LITERAL_CONVERSION = YES;
				CLANG_WARN_OBJC_ROOT_CLASS = YES_ERROR;
				CLANG_WARN_QUOTED_INCLUDE_IN_FRAMEWORK_HEADER = YES;
				CLANG_WARN_RANGE_LOOP_ANALYSIS = YES;
				CLANG_WARN_STRICT_PROTOTYPES = YES;
				CLANG_WARN_SUSPICIOUS_MOVE = YES;
				CLANG_WARN_UNGUARDED_AVAILABILITY = YES_AGGRESSIVE;
				CLANG_WARN_UNREACHABLE_CODE = YES;
				CLANG_WARN__DUPLICATE_METHOD_MATCH = YES;
				COPY_PHASE_STRIP = NO;
				DEBUG_INFORMATION_FORMAT = "dwarf-with-dsym";
				ENABLE_NS_ASSERTIONS = NO;
				ENABLE_STRICT_OBJC_MSGSEND = YES;
				GCC_C_LANGUAGE_STANDARD = gnu11;
				GCC_NO_COMMON_BLOCKS = YES;
				GCC_WARN_64_TO_32_BIT_CONVERSION = YES;
				GCC_WARN_ABOUT_RETURN_TYPE = YES_ERROR;
				GCC_WARN_UNDECLARED_SELECTOR = YES;
				GCC_WARN_UNINITIALIZED_AUTOS = YES_AGGRESSIVE;
				GCC_WARN_UNUSED_FUNCTION = YES;
				GCC_WARN_UNUSED_VARIABLE = YES;
				IPHONEOS_DEPLOYMENT_TARGET = 15.2;
				MTL_ENABLE_DEBUG_INFO = NO;
				MTL_FAST_MATH = YES;
				SDKROOT = iphoneos;
				VALIDATE_PRODUCT = YES;
			};
			name = Release;
		};
		5F2FB46927B75F54005523F2 /* Debug */ = {
			isa = XCBuildConfiguration;
			buildSettings = {
				CODE_SIGN_STYLE = Automatic;
				OTHER_LDFLAGS = "-ObjC";
				PRODUCT_NAME = "$(TARGET_NAME)";
				SKIP_INSTALL = YES;
				TARGETED_DEVICE_FAMILY = "1,2";
			};
			name = Debug;
		};
		5F2FB46A27B75F54005523F2 /* Release */ = {
			isa = XCBuildConfiguration;
			buildSettings = {
				CODE_SIGN_STYLE = Automatic;
				OTHER_LDFLAGS = "-ObjC";
				PRODUCT_NAME = "$(TARGET_NAME)";
				SKIP_INSTALL = YES;
				TARGETED_DEVICE_FAMILY = "1,2";
			};
			name = Release;
		};
/* End XCBuildConfiguration section */

/* Begin XCConfigurationList section */
		5F2FB45A27B75F54005523F2 /* Build configuration list for PBXProject "GTStatic" */ = {
			isa = XCConfigurationList;
			buildConfigurations = (
				5F2FB46627B75F54005523F2 /* Debug */,
				5F2FB46727B75F54005523F2 /* Release */,
			);
			defaultConfigurationIsVisible = 0;
			defaultConfigurationName = Release;
		};
		5F2FB46827B75F54005523F2 /* Build configuration list for PBXNativeTarget "GTStatic" */ = {
			isa = XCConfigurationList;
			buildConfigurations = (
				5F2FB46927B75F54005523F2 /* Debug */,
				5F2FB46A27B75F54005523F2 /* Release */,
			);
			defaultConfigurationIsVisible = 0;
			defaultConfigurationName = Release;
		};
/* End XCConfigurationList section */
	};
	rootObject = 5F2FB45727B75F54005523F2 /* Project object */;
}
